// !$*UTF8*$!
{
	archiveVersion = 1;
	classes = {
	};
	objectVersion = 50;
	objects = {

/* Begin PBXBuildFile section */
		EE41C4CB262B1C6E00DD02EB /* AppDelegate.swift in Sources */ = {isa = PBXBuildFile; fileRef = EE41C4CA262B1C6E00DD02EB /* AppDelegate.swift */; };
		EE41C4D5262B1C6E00DD02EB /* Apps_Challenge.xcdatamodeld in Sources */ = {isa = PBXBuildFile; fileRef = EE41C4D3262B1C6E00DD02EB /* Apps_Challenge.xcdatamodeld */; };
		EE41C4D7262B1C6F00DD02EB /* Assets.xcassets in Resources */ = {isa = PBXBuildFile; fileRef = EE41C4D6262B1C6F00DD02EB /* Assets.xcassets */; };
		EE41C4DA262B1C6F00DD02EB /* LaunchScreen.storyboard in Resources */ = {isa = PBXBuildFile; fileRef = EE41C4D8262B1C6F00DD02EB /* LaunchScreen.storyboard */; };
		EEC6F77D262B60CD0014B053 /* BudgetListViewController.swift in Sources */ = {isa = PBXBuildFile; fileRef = EEC6F77B262B60CD0014B053 /* BudgetListViewController.swift */; };
		EEC6F77E262B60CD0014B053 /* BudgetListViewController.xib in Resources */ = {isa = PBXBuildFile; fileRef = EEC6F77C262B60CD0014B053 /* BudgetListViewController.xib */; };
		EEC6F789262B668B0014B053 /* BudgetTableViewCell.swift in Sources */ = {isa = PBXBuildFile; fileRef = EEC6F787262B668B0014B053 /* BudgetTableViewCell.swift */; };
		EEC6F78A262B668B0014B053 /* BudgetTableViewCell.xib in Resources */ = {isa = PBXBuildFile; fileRef = EEC6F788262B668B0014B053 /* BudgetTableViewCell.xib */; };
/* End PBXBuildFile section */

/* Begin PBXFileReference section */
		EE41C4C7262B1C6E00DD02EB /* Apps Challenge.app */ = {isa = PBXFileReference; explicitFileType = wrapper.application; includeInIndex = 0; path = "Apps Challenge.app"; sourceTree = BUILT_PRODUCTS_DIR; };
		EE41C4CA262B1C6E00DD02EB /* AppDelegate.swift */ = {isa = PBXFileReference; lastKnownFileType = sourcecode.swift; path = AppDelegate.swift; sourceTree = "<group>"; };
		EE41C4D4262B1C6E00DD02EB /* Apps_Challenge.xcdatamodel */ = {isa = PBXFileReference; lastKnownFileType = wrapper.xcdatamodel; path = Apps_Challenge.xcdatamodel; sourceTree = "<group>"; };
		EE41C4D6262B1C6F00DD02EB /* Assets.xcassets */ = {isa = PBXFileReference; lastKnownFileType = folder.assetcatalog; path = Assets.xcassets; sourceTree = "<group>"; };
		EE41C4D9262B1C6F00DD02EB /* Base */ = {isa = PBXFileReference; lastKnownFileType = file.storyboard; name = Base; path = Base.lproj/LaunchScreen.storyboard; sourceTree = "<group>"; };
		EE41C4DB262B1C6F00DD02EB /* Info.plist */ = {isa = PBXFileReference; lastKnownFileType = text.plist.xml; path = Info.plist; sourceTree = "<group>"; };
		EEC6F77B262B60CD0014B053 /* BudgetListViewController.swift */ = {isa = PBXFileReference; lastKnownFileType = sourcecode.swift; path = BudgetListViewController.swift; sourceTree = "<group>"; };
		EEC6F77C262B60CD0014B053 /* BudgetListViewController.xib */ = {isa = PBXFileReference; lastKnownFileType = file.xib; path = BudgetListViewController.xib; sourceTree = "<group>"; };
		EEC6F787262B668B0014B053 /* BudgetTableViewCell.swift */ = {isa = PBXFileReference; lastKnownFileType = sourcecode.swift; path = BudgetTableViewCell.swift; sourceTree = "<group>"; };
		EEC6F788262B668B0014B053 /* BudgetTableViewCell.xib */ = {isa = PBXFileReference; lastKnownFileType = file.xib; path = BudgetTableViewCell.xib; sourceTree = "<group>"; };
/* End PBXFileReference section */

/* Begin PBXFrameworksBuildPhase section */
		EE41C4C4262B1C6E00DD02EB /* Frameworks */ = {
			isa = PBXFrameworksBuildPhase;
			buildActionMask = 2147483647;
			files = (
			);
			runOnlyForDeploymentPostprocessing = 0;
		};
/* End PBXFrameworksBuildPhase section */

/* Begin PBXGroup section */
		EE41C4BE262B1C6E00DD02EB = {
			isa = PBXGroup;
			children = (
				EE41C4C9262B1C6E00DD02EB /* Apps Challenge */,
				EE41C4C8262B1C6E00DD02EB /* Products */,
			);
			sourceTree = "<group>";
		};
		EE41C4C8262B1C6E00DD02EB /* Products */ = {
			isa = PBXGroup;
			children = (
				EE41C4C7262B1C6E00DD02EB /* Apps Challenge.app */,
			);
			name = Products;
			sourceTree = "<group>";
		};
		EE41C4C9262B1C6E00DD02EB /* Apps Challenge */ = {
			isa = PBXGroup;
			children = (
				EEC6F782262B66320014B053 /* Item */,
				EEC6F772262B25EE0014B053 /* Module */,
				EE41C4E8262B203800DD02EB /* Database */,
				EE41C4E7262B202800DD02EB /* Resources */,
				EE41C4E6262B201100DD02EB /* Configuration */,
			);
			path = "Apps Challenge";
			sourceTree = "<group>";
		};
		EE41C4E6262B201100DD02EB /* Configuration */ = {
			isa = PBXGroup;
			children = (
				EE41C4CA262B1C6E00DD02EB /* AppDelegate.swift */,
				EE41C4D8262B1C6F00DD02EB /* LaunchScreen.storyboard */,
				EE41C4DB262B1C6F00DD02EB /* Info.plist */,
			);
			path = Configuration;
			sourceTree = "<group>";
		};
		EE41C4E7262B202800DD02EB /* Resources */ = {
			isa = PBXGroup;
			children = (
				EE41C4D6262B1C6F00DD02EB /* Assets.xcassets */,
			);
			path = Resources;
			sourceTree = "<group>";
		};
		EE41C4E8262B203800DD02EB /* Database */ = {
			isa = PBXGroup;
			children = (
				EE41C4D3262B1C6E00DD02EB /* Apps_Challenge.xcdatamodeld */,
			);
			path = Database;
			sourceTree = "<group>";
		};
		EEC6F772262B25EE0014B053 /* Module */ = {
			isa = PBXGroup;
			children = (
				EEC6F77A262B5DAD0014B053 /* BudgetList */,
			);
			path = Module;
			sourceTree = "<group>";
		};
		EEC6F77A262B5DAD0014B053 /* BudgetList */ = {
			isa = PBXGroup;
			children = (
				EEC6F77B262B60CD0014B053 /* BudgetListViewController.swift */,
				EEC6F77C262B60CD0014B053 /* BudgetListViewController.xib */,
			);
			path = BudgetList;
			sourceTree = "<group>";
		};
		EEC6F782262B66320014B053 /* Item */ = {
			isa = PBXGroup;
			children = (
				EEC6F784262B663C0014B053 /* Model */,
				EEC6F783262B66380014B053 /* Cell */,
			);
			path = Item;
			sourceTree = "<group>";
		};
		EEC6F783262B66380014B053 /* Cell */ = {
			isa = PBXGroup;
			children = (
				EEC6F786262B66570014B053 /* Budget */,
			);
			path = Cell;
			sourceTree = "<group>";
		};
		EEC6F784262B663C0014B053 /* Model */ = {
			isa = PBXGroup;
			children = (
			);
			path = Model;
			sourceTree = "<group>";
		};
		EEC6F786262B66570014B053 /* Budget */ = {
			isa = PBXGroup;
			children = (
				EEC6F787262B668B0014B053 /* BudgetTableViewCell.swift */,
				EEC6F788262B668B0014B053 /* BudgetTableViewCell.xib */,
			);
			path = Budget;
			sourceTree = "<group>";
		};
/* End PBXGroup section */

/* Begin PBXNativeTarget section */
		EE41C4C6262B1C6E00DD02EB /* Apps Challenge */ = {
			isa = PBXNativeTarget;
			buildConfigurationList = EE41C4DE262B1C6F00DD02EB /* Build configuration list for PBXNativeTarget "Apps Challenge" */;
			buildPhases = (
				EE41C4C3262B1C6E00DD02EB /* Sources */,
				EE41C4C4262B1C6E00DD02EB /* Frameworks */,
				EE41C4C5262B1C6E00DD02EB /* Resources */,
			);
			buildRules = (
			);
			dependencies = (
			);
			name = "Apps Challenge";
			productName = "Apps Challenge";
			productReference = EE41C4C7262B1C6E00DD02EB /* Apps Challenge.app */;
			productType = "com.apple.product-type.application";
		};
/* End PBXNativeTarget section */

/* Begin PBXProject section */
		EE41C4BF262B1C6E00DD02EB /* Project object */ = {
			isa = PBXProject;
			attributes = {
				LastSwiftUpdateCheck = 1240;
				LastUpgradeCheck = 1240;
				TargetAttributes = {
					EE41C4C6262B1C6E00DD02EB = {
						CreatedOnToolsVersion = 12.4;
					};
				};
			};
			buildConfigurationList = EE41C4C2262B1C6E00DD02EB /* Build configuration list for PBXProject "Apps Challenge" */;
			compatibilityVersion = "Xcode 9.3";
			developmentRegion = en;
			hasScannedForEncodings = 0;
			knownRegions = (
				en,
				Base,
			);
			mainGroup = EE41C4BE262B1C6E00DD02EB;
			productRefGroup = EE41C4C8262B1C6E00DD02EB /* Products */;
			projectDirPath = "";
			projectRoot = "";
			targets = (
				EE41C4C6262B1C6E00DD02EB /* Apps Challenge */,
			);
		};
/* End PBXProject section */

/* Begin PBXResourcesBuildPhase section */
		EE41C4C5262B1C6E00DD02EB /* Resources */ = {
			isa = PBXResourcesBuildPhase;
			buildActionMask = 2147483647;
			files = (
				EEC6F77E262B60CD0014B053 /* BudgetListViewController.xib in Resources */,
				EE41C4DA262B1C6F00DD02EB /* LaunchScreen.storyboard in Resources */,
				EEC6F78A262B668B0014B053 /* BudgetTableViewCell.xib in Resources */,
				EE41C4D7262B1C6F00DD02EB /* Assets.xcassets in Resources */,
			);
			runOnlyForDeploymentPostprocessing = 0;
		};
/* End PBXResourcesBuildPhase section */

/* Begin PBXSourcesBuildPhase section */
		EE41C4C3262B1C6E00DD02EB /* Sources */ = {
			isa = PBXSourcesBuildPhase;
			buildActionMask = 2147483647;
			files = (
				EEC6F77D262B60CD0014B053 /* BudgetListViewController.swift in Sources */,
				EE41C4D5262B1C6E00DD02EB /* Apps_Challenge.xcdatamodeld in Sources */,
				EEC6F789262B668B0014B053 /* BudgetTableViewCell.swift in Sources */,
				EE41C4CB262B1C6E00DD02EB /* AppDelegate.swift in Sources */,
			);
			runOnlyForDeploymentPostprocessing = 0;
		};
/* End PBXSourcesBuildPhase section */

/* Begin PBXVariantGroup section */
		EE41C4D8262B1C6F00DD02EB /* LaunchScreen.storyboard */ = {
			isa = PBXVariantGroup;
			children = (
				EE41C4D9262B1C6F00DD02EB /* Base */,
			);
			name = LaunchScreen.storyboard;
			sourceTree = "<group>";
		};
/* End PBXVariantGroup section */

/* Begin XCBuildConfiguration section */
		EE41C4DC262B1C6F00DD02EB /* Debug */ = {
			isa = XCBuildConfiguration;
			buildSettings = {
				ALWAYS_SEARCH_USER_PATHS = NO;
				CLANG_ANALYZER_NONNULL = YES;
				CLANG_ANALYZER_NUMBER_OBJECT_CONVERSION = YES_AGGRESSIVE;
				CLANG_CXX_LANGUAGE_STANDARD = "gnu++14";
				CLANG_CXX_LIBRARY = "libc++";
				CLANG_ENABLE_MODULES = YES;
				CLANG_ENABLE_OBJC_ARC = YES;
				CLANG_ENABLE_OBJC_WEAK = YES;
				CLANG_WARN_BLOCK_CAPTURE_AUTORELEASING = YES;
				CLANG_WARN_BOOL_CONVERSION = YES;
				CLANG_WARN_COMMA = YES;
				CLANG_WARN_CONSTANT_CONVERSION = YES;
				CLANG_WARN_DEPRECATED_OBJC_IMPLEMENTATIONS = YES;
				CLANG_WARN_DIRECT_OBJC_ISA_USAGE = YES_ERROR;
				CLANG_WARN_DOCUMENTATION_COMMENTS = YES;
				CLANG_WARN_EMPTY_BODY = YES;
				CLANG_WARN_ENUM_CONVERSION = YES;
				CLANG_WARN_INFINITE_RECURSION = YES;
				CLANG_WARN_INT_CONVERSION = YES;
				CLANG_WARN_NON_LITERAL_NULL_CONVERSION = YES;
				CLANG_WARN_OBJC_IMPLICIT_RETAIN_SELF = YES;
				CLANG_WARN_OBJC_LITERAL_CONVERSION = YES;
				CLANG_WARN_OBJC_ROOT_CLASS = YES_ERROR;
				CLANG_WARN_QUOTED_INCLUDE_IN_FRAMEWORK_HEADER = YES;
				CLANG_WARN_RANGE_LOOP_ANALYSIS = YES;
				CLANG_WARN_STRICT_PROTOTYPES = YES;
				CLANG_WARN_SUSPICIOUS_MOVE = YES;
				CLANG_WARN_UNGUARDED_AVAILABILITY = YES_AGGRESSIVE;
				CLANG_WARN_UNREACHABLE_CODE = YES;
				CLANG_WARN__DUPLICATE_METHOD_MATCH = YES;
				COPY_PHASE_STRIP = NO;
				DEBUG_INFORMATION_FORMAT = dwarf;
				ENABLE_STRICT_OBJC_MSGSEND = YES;
				ENABLE_TESTABILITY = YES;
				GCC_C_LANGUAGE_STANDARD = gnu11;
				GCC_DYNAMIC_NO_PIC = NO;
				GCC_NO_COMMON_BLOCKS = YES;
				GCC_OPTIMIZATION_LEVEL = 0;
				GCC_PREPROCESSOR_DEFINITIONS = (
					"DEBUG=1",
					"$(inherited)",
				);
				GCC_WARN_64_TO_32_BIT_CONVERSION = YES;
				GCC_WARN_ABOUT_RETURN_TYPE = YES_ERROR;
				GCC_WARN_UNDECLARED_SELECTOR = YES;
				GCC_WARN_UNINITIALIZED_AUTOS = YES_AGGRESSIVE;
				GCC_WARN_UNUSED_FUNCTION = YES;
				GCC_WARN_UNUSED_VARIABLE = YES;
				IPHONEOS_DEPLOYMENT_TARGET = 14.4;
				MTL_ENABLE_DEBUG_INFO = INCLUDE_SOURCE;
				MTL_FAST_MATH = YES;
				ONLY_ACTIVE_ARCH = YES;
				SDKROOT = iphoneos;
				SWIFT_ACTIVE_COMPILATION_CONDITIONS = DEBUG;
				SWIFT_OPTIMIZATION_LEVEL = "-Onone";
			};
			name = Debug;
		};
		EE41C4DD262B1C6F00DD02EB /* Release */ = {
			isa = XCBuildConfiguration;
			buildSettings = {
				ALWAYS_SEARCH_USER_PATHS = NO;
				CLANG_ANALYZER_NONNULL = YES;
				CLANG_ANALYZER_NUMBER_OBJECT_CONVERSION = YES_AGGRESSIVE;
				CLANG_CXX_LANGUAGE_STANDARD = "gnu++14";
				CLANG_CXX_LIBRARY = "libc++";
				CLANG_ENABLE_MODULES = YES;
				CLANG_ENABLE_OBJC_ARC = YES;
				CLANG_ENABLE_OBJC_WEAK = YES;
				CLANG_WARN_BLOCK_CAPTURE_AUTORELEASING = YES;
				CLANG_WARN_BOOL_CONVERSION = YES;
				CLANG_WARN_COMMA = YES;
				CLANG_WARN_CONSTANT_CONVERSION = YES;
				CLANG_WARN_DEPRECATED_OBJC_IMPLEMENTATIONS = YES;
				CLANG_WARN_DIRECT_OBJC_ISA_USAGE = YES_ERROR;
				CLANG_WARN_DOCUMENTATION_COMMENTS = YES;
				CLANG_WARN_EMPTY_BODY = YES;
				CLANG_WARN_ENUM_CONVERSION = YES;
				CLANG_WARN_INFINITE_RECURSION = YES;
				CLANG_WARN_INT_CONVERSION = YES;
				CLANG_WARN_NON_LITERAL_NULL_CONVERSION = YES;
				CLANG_WARN_OBJC_IMPLICIT_RETAIN_SELF = YES;
				CLANG_WARN_OBJC_LITERAL_CONVERSION = YES;
				CLANG_WARN_OBJC_ROOT_CLASS = YES_ERROR;
				CLANG_WARN_QUOTED_INCLUDE_IN_FRAMEWORK_HEADER = YES;
				CLANG_WARN_RANGE_LOOP_ANALYSIS = YES;
				CLANG_WARN_STRICT_PROTOTYPES = YES;
				CLANG_WARN_SUSPICIOUS_MOVE = YES;
				CLANG_WARN_UNGUARDED_AVAILABILITY = YES_AGGRESSIVE;
				CLANG_WARN_UNREACHABLE_CODE = YES;
				CLANG_WARN__DUPLICATE_METHOD_MATCH = YES;
				COPY_PHASE_STRIP = NO;
				DEBUG_INFORMATION_FORMAT = "dwarf-with-dsym";
				ENABLE_NS_ASSERTIONS = NO;
				ENABLE_STRICT_OBJC_MSGSEND = YES;
				GCC_C_LANGUAGE_STANDARD = gnu11;
				GCC_NO_COMMON_BLOCKS = YES;
				GCC_WARN_64_TO_32_BIT_CONVERSION = YES;
				GCC_WARN_ABOUT_RETURN_TYPE = YES_ERROR;
				GCC_WARN_UNDECLARED_SELECTOR = YES;
				GCC_WARN_UNINITIALIZED_AUTOS = YES_AGGRESSIVE;
				GCC_WARN_UNUSED_FUNCTION = YES;
				GCC_WARN_UNUSED_VARIABLE = YES;
				IPHONEOS_DEPLOYMENT_TARGET = 14.4;
				MTL_ENABLE_DEBUG_INFO = NO;
				MTL_FAST_MATH = YES;
				SDKROOT = iphoneos;
				SWIFT_COMPILATION_MODE = wholemodule;
				SWIFT_OPTIMIZATION_LEVEL = "-O";
				VALIDATE_PRODUCT = YES;
			};
			name = Release;
		};
		EE41C4DF262B1C6F00DD02EB /* Debug */ = {
			isa = XCBuildConfiguration;
			buildSettings = {
				ASSETCATALOG_COMPILER_APPICON_NAME = AppIcon;
				ASSETCATALOG_COMPILER_GLOBAL_ACCENT_COLOR_NAME = AccentColor;
				CODE_SIGN_STYLE = Automatic;
				INFOPLIST_FILE = "$(SRCROOT)/Apps Challenge/Configuration/Info.plist";
				LD_RUNPATH_SEARCH_PATHS = (
					"$(inherited)",
					"@executable_path/Frameworks",
				);
				PRODUCT_BUNDLE_IDENTIFIER = "com.fjsg.Apps-Challenge";
				PRODUCT_NAME = "$(TARGET_NAME)";
				SWIFT_VERSION = 5.0;
				TARGETED_DEVICE_FAMILY = 1;
			};
			name = Debug;
		};
		EE41C4E0262B1C6F00DD02EB /* Release */ = {
			isa = XCBuildConfiguration;
			buildSettings = {
				ASSETCATALOG_COMPILER_APPICON_NAME = AppIcon;
				ASSETCATALOG_COMPILER_GLOBAL_ACCENT_COLOR_NAME = AccentColor;
				CODE_SIGN_STYLE = Automatic;
				INFOPLIST_FILE = "$(SRCROOT)/Apps Challenge/Configuration/Info.plist";
				LD_RUNPATH_SEARCH_PATHS = (
					"$(inherited)",
					"@executable_path/Frameworks",
				);
				PRODUCT_BUNDLE_IDENTIFIER = "com.fjsg.Apps-Challenge";
				PRODUCT_NAME = "$(TARGET_NAME)";
				SWIFT_VERSION = 5.0;
				TARGETED_DEVICE_FAMILY = 1;
			};
			name = Release;
		};
/* End XCBuildConfiguration section */

/* Begin XCConfigurationList section */
		EE41C4C2262B1C6E00DD02EB /* Build configuration list for PBXProject "Apps Challenge" */ = {
			isa = XCConfigurationList;
			buildConfigurations = (
				EE41C4DC262B1C6F00DD02EB /* Debug */,
				EE41C4DD262B1C6F00DD02EB /* Release */,
			);
			defaultConfigurationIsVisible = 0;
			defaultConfigurationName = Release;
		};
		EE41C4DE262B1C6F00DD02EB /* Build configuration list for PBXNativeTarget "Apps Challenge" */ = {
			isa = XCConfigurationList;
			buildConfigurations = (
				EE41C4DF262B1C6F00DD02EB /* Debug */,
				EE41C4E0262B1C6F00DD02EB /* Release */,
			);
			defaultConfigurationIsVisible = 0;
			defaultConfigurationName = Release;
		};
/* End XCConfigurationList section */

/* Begin XCVersionGroup section */
		EE41C4D3262B1C6E00DD02EB /* Apps_Challenge.xcdatamodeld */ = {
			isa = XCVersionGroup;
			children = (
				EE41C4D4262B1C6E00DD02EB /* Apps_Challenge.xcdatamodel */,
			);
			currentVersion = EE41C4D4262B1C6E00DD02EB /* Apps_Challenge.xcdatamodel */;
			path = Apps_Challenge.xcdatamodeld;
			sourceTree = "<group>";
			versionGroupType = wrapper.xcdatamodel;
		};
/* End XCVersionGroup section */
	};
	rootObject = EE41C4BF262B1C6E00DD02EB /* Project object */;
}
